
Microsoft Visual Studio Solution File, Format Version 12.00
# Visual Studio Version 17
VisualStudioVersion = 17.1.32319.34
MinimumVisualStudioVersion = 10.0.40219.1
Project("{FAE04EC0-301F-11D3-BF4B-00C04F79EFBC}") = "WebApplication1", "WebApplication1.csproj", "{BD44F191-EBDE-4E44-8C1C-278FE1FA1428}"
EndProject
Global
	GlobalSection(SolutionConfigurationPlatforms) = preSolution
		Debug|Any CPU = Debug|Any CPU
		Release|Any CPU = Release|Any CPU
	EndGlobalSection
	GlobalSection(ProjectConfigurationPlatforms) = postSolution
		{BD44F191-EBDE-4E44-8C1C-278FE1FA1428}.Debug|Any CPU.ActiveCfg = Debug|Any CPU
		{BD44F191-EBDE-4E44-8C1C-278FE1FA1428}.Debug|Any CPU.Build.0 = Debug|Any CPU
		{BD44F191-EBDE-4E44-8C1C-278FE1FA1428}.Release|Any CPU.ActiveCfg = Release|Any CPU
		{BD44F191-EBDE-4E44-8C1C-278FE1FA1428}.Release|Any CPU.Build.0 = Release|Any CPU
	EndGlobalSection
	GlobalSection(SolutionProperties) = preSolution
		HideSolutionNode = FALSE
	EndGlobalSection
	GlobalSection(ExtensibilityGlobals) = postSolution
		SolutionGuid = {B92A7C71-A9F0-48FB-8442-0D31C7C24D71}
	EndGlobalSection
EndGlobal
